// !$*UTF8*$!
{
	archiveVersion = 1;
	classes = {
	};
	objectVersion = 110;
	objects = {

/* Begin PBXContainerItemProxy section */
		52805D35306E389000403CD3 /* PBXContainerItemProxy */ = {
			isa = PBXContainerItemProxy;
			containerPortal = 52805D1D306E388E00403CD3 /* Project object */;
			proxyType = 1;
			remoteGlobalIDString = 52805D24306E388E00403CD3;
			remoteInfo = KindDose;
		};
		52805D3F306E389000403CD3 /* PBXContainerItemProxy */ = {
			isa = PBXContainerItemProxy;
			containerPortal = 52805D1D306E388E00403CD3 /* Project object */;
			proxyType = 1;
			remoteGlobalIDString = 52805D24306E388E00403CD3;
			remoteInfo = KindDose;
		};
/* End PBXContainerItemProxy section */

/* Begin PBXFileReference section */
		52805D25306E388E00403CD3 /* KindDose.app */ = {isa = PBXFileReference; explicitFileType = wrapper.application; includeInIndex = 0; path = KindDose.app; sourceTree = BUILT_PRODUCTS_DIR; };
		52805D34306E389000403CD3 /* KindDoseTests.xctest */ = {isa = PBXFileReference; explicitFileType = wrapper.cfbundle; includeInIndex = 0; path = KindDoseTests.xctest; sourceTree = BUILT_PRODUCTS_DIR; };
		52805D3E306E389000403CD3 /* KindDoseUITests.xctest */ = {isa = PBXFileReference; explicitFileType = wrapper.cfbundle; includeInIndex = 0; path = KindDoseUITests.xctest; sourceTree = BUILT_PRODUCTS_DIR; };
/* End PBXFileReference section */

/* Begin PBXFileSystemSynchronizedRootGroup section */
		52805D27306E388E00403CD3 /* KindDose */ = {
			isa = PBXFileSystemSynchronizedRootGroup;
			path = KindDose;
			sourceTree = "<group>";
		};
		52805D37306E389000403CD3 /* KindDoseTests */ = {
			isa = PBXFileSystemSynchronizedRootGroup;
			path = KindDoseTests;
			sourceTree = "<group>";
		};
		52805D41306E389000403CD3 /* KindDoseUITests */ = {
			isa = PBXFileSystemSynchronizedRootGroup;
			path = KindDoseUITests;
			sourceTree = "<group>";
		};
/* End PBXFileSystemSynchronizedRootGroup section */

/* Begin PBXFrameworksBuildPhase section */
		52805D22306E388E00403CD3 /* Frameworks */ = {
			isa = PBXFrameworksBuildPhase;
			files = (
			);
		};
		52805D31306E389000403CD3 /* Frameworks */ = {
			isa = PBXFrameworksBuildPhase;
			files = (
			);
		};
		52805D3B306E389000403CD3 /* Frameworks */ = {
			isa = PBXFrameworksBuildPhase;
			files = (
			);
		};
/* End PBXFrameworksBuildPhase section */

/* Begin PBXGroup section */
		52805D1C306E388E00403CD3 = {
			isa = PBXGroup;
			children = (
				52805D27306E388E00403CD3 /* KindDose */,
				52805D37306E389000403CD3 /* KindDoseTests */,
				52805D41306E389000403CD3 /* KindDoseUITests */,
				52805D26306E388E00403CD3 /* Products */,
			);
			sourceTree = "<group>";
		};
		52805D26306E388E00403CD3 /* Products */ = {
			isa = PBXGroup;
			children = (
				52805D25306E388E00403CD3 /* KindDose.app */,
				52805D34306E389000403CD3 /* KindDoseTests.xctest */,
				52805D3E306E389000403CD3 /* KindDoseUITests.xctest */,
			);
			name = Products;
			sourceTree = "<group>";
		};
/* End PBXGroup section */

/* Begin PBXNativeTarget section */
		52805D24306E388E00403CD3 /* KindDose */ = {
			isa = PBXNativeTarget;
			buildConfigurationList = 52805D46306E389000403CD3 /* Build configuration list for PBXNativeTarget "KindDose" */;
			buildPhases = (
				52805D21306E388E00403CD3 /* Sources */,
				52805D22306E388E00403CD3 /* Frameworks */,
				52805D23306E388E00403CD3 /* Resources */,
			);
			buildRules = (
			);
			fileSystemSynchronizedGroups = (
				52805D27306E388E00403CD3 /* KindDose */,
			);
			name = KindDose;
			productName = KindDose;
			productReference = 52805D25306E388E00403CD3 /* KindDose.app */;
			productType = "com.apple.product-type.application";
		};
		52805D33306E389000403CD3 /* KindDoseTests */ = {
			isa = PBXNativeTarget;
			buildConfigurationList = 52805D49306E389000403CD3 /* Build configuration list for PBXNativeTarget "KindDoseTests" */;
			buildPhases = (
				52805D30306E389000403CD3 /* Sources */,
				52805D31306E389000403CD3 /* Frameworks */,
				52805D32306E389000403CD3 /* Resources */,
			);
			buildRules = (
			);
			dependencies = (
				52805D36306E389000403CD3 /* PBXTargetDependency */,
			);
			fileSystemSynchronizedGroups = (
				52805D37306E389000403CD3 /* KindDoseTests */,
			);
			name = KindDoseTests;
			productName = KindDoseTests;
			productReference = 52805D34306E389000403CD3 /* KindDoseTests.xctest */;
			productType = "com.apple.product-type.bundle.unit-test";
		};
		52805D3D306E389000403CD3 /* KindDoseUITests */ = {
			isa = PBXNativeTarget;
			buildConfigurationList = 52805D4C306E389000403CD3 /* Build configuration list for PBXNativeTarget "KindDoseUITests" */;
			buildPhases = (
				52805D3A306E389000403CD3 /* Sources */,
				52805D3B306E389000403CD3 /* Frameworks */,
				52805D3C306E389000403CD3 /* Resources */,
			);
			buildRules = (
			);
			dependencies = (
				52805D40306E389000403CD3 /* PBXTargetDependency */,
			);
			fileSystemSynchronizedGroups = (
				52805D41306E389000403CD3 /* KindDoseUITests */,
			);
			name = KindDoseUITests;
			productName = KindDoseUITests;
			productReference = 52805D3E306E389000403CD3 /* KindDoseUITests.xctest */;
			productType = "com.apple.product-type.bundle.ui-testing";
		};
/* End PBXNativeTarget section */

/* Begin PBXProject section */
		52805D1D306E388E00403CD3 /* Project object */ = {
			isa = PBXProject;
			attributes = {
				BuildIndependentTargetsInParallel = 1;
				LastSwiftUpdateCheck = 2700;
				LastUpgradeCheck = 2700;
				TargetAttributes = {
					52805D24306E388E00403CD3 = {
						CreatedOnToolsVersion = 27.0;
					};
					52805D33306E389000403CD3 = {
						CreatedOnToolsVersion = 27.0;
						TestTargetID = 52805D24306E388E00403CD3;
					};
					52805D3D306E389000403CD3 = {
						CreatedOnToolsVersion = 27.0;
						TestTargetID = 52805D24306E388E00403CD3;
					};
				};
			};
			buildConfigurationList = 52805D20306E388E00403CD3 /* Build configuration list for PBXProject "KindDose" */;
			developmentRegion = en;
			hasScannedForEncodings = 0;
			knownRegions = (
				en,
				Base,
			);
			mainGroup = 52805D1C306E388E00403CD3;
			minimizedProjectReferenceProxies = 1;
			preferredProjectObjectVersion = 77;
			productRefGroup = 52805D26306E388E00403CD3 /* Products */;
			projectDirPath = "";
			projectRoot = "";
			targets = (
				52805D24306E388E00403CD3 /* KindDose */,
				52805D33306E389000403CD3 /* KindDoseTests */,
				52805D3D306E389000403CD3 /* KindDoseUITests */,
			);
		};
/* End PBXProject section */

/* Begin PBXResourcesBuildPhase section */
		52805D23306E388E00403CD3 /* Resources */ = {
			isa = PBXResourcesBuildPhase;
			files = (
			);
		};
		52805D32306E389000403CD3 /* Resources */ = {
			isa = PBXResourcesBuildPhase;
			files = (
			);
		};
		52805D3C306E389000403CD3 /* Resources */ = {
			isa = PBXResourcesBuildPhase;
			files = (
			);
		};
/* End PBXResourcesBuildPhase section */

/* Begin PBXSourcesBuildPhase section */
		52805D21306E388E00403CD3 /* Sources */ = {
			isa = PBXSourcesBuildPhase;
			files = (
			);
		};
		52805D30306E389000403CD3 /* Sources */ = {
			isa = PBXSourcesBuildPhase;
			files = (
			);
		};
		52805D3A306E389000403CD3 /* Sources */ = {
			isa = PBXSourcesBuildPhase;
			files = (
			);
		};
/* End PBXSourcesBuildPhase section */

/* Begin PBXTargetDependency section */
		52805D36306E389000403CD3 /* PBXTargetDependency */ = {
			isa = PBXTargetDependency;
			target = 52805D24306E388E00403CD3 /* KindDose */;
			targetProxy = 52805D35306E389000403CD3 /* PBXContainerItemProxy */;
		};
		52805D40306E389000403CD3 /* PBXTargetDependency */ = {
			isa = PBXTargetDependency;
			target = 52805D24306E388E00403CD3 /* KindDose */;
			targetProxy = 52805D3F306E389000403CD3 /* PBXContainerItemProxy */;
		};
/* End PBXTargetDependency section */

/* Begin XCBuildConfiguration section */
		52805D44306E389000403CD3 /* Debug configuration for PBXProject "KindDose" */ = {
			isa = XCBuildConfiguration;
			buildSettings = {
				ALWAYS_SEARCH_USER_PATHS = NO;
				ASSETCATALOG_COMPILER_GENERATE_SWIFT_ASSET_SYMBOL_EXTENSIONS = YES;
				CLANG_ANALYZER_NONNULL = YES;
				CLANG_ANALYZER_NUMBER_OBJECT_CONVERSION = YES_AGGRESSIVE;
				CLANG_CXX_LANGUAGE_STANDARD = "gnu++20";
				CLANG_ENABLE_MODULES = YES;
				CLANG_ENABLE_OBJC_ARC = YES;
				CLANG_ENABLE_OBJC_WEAK = YES;
				CLANG_WARN_BLOCK_CAPTURE_AUTORELEASING = YES;
				CLANG_WARN_BOOL_CONVERSION = YES;
				CLANG_WARN_COMMA = YES;
				CLANG_WARN_CONSTANT_CONVERSION = YES;
				CLANG_WARN_DEPRECATED_OBJC_IMPLEMENTATIONS = YES;
				CLANG_WARN_DIRECT_OBJC_ISA_USAGE = YES_ERROR;
				CLANG_WARN_DOCUMENTATION_COMMENTS = YES;
				CLANG_WARN_EMPTY_BODY = YES;
				CLANG_WARN_ENUM_CONVERSION = YES;
				CLANG_WARN_INFINITE_RECURSION = YES;
				CLANG_WARN_INT_CONVERSION = YES;
				CLANG_WARN_NON_LITERAL_NULL_CONVERSION = YES;
				CLANG_WARN_OBJC_IMPLICIT_RETAIN_SELF = YES;
				CLANG_WARN_OBJC_LITERAL_CONVERSION = YES;
				CLANG_WARN_OBJC_ROOT_CLASS = YES_ERROR;
				CLANG_WARN_QUOTED_INCLUDE_IN_FRAMEWORK_HEADER = YES;
				CLANG_WARN_RANGE_LOOP_ANALYSIS = YES;
				CLANG_WARN_STRICT_PROTOTYPES = YES;
				CLANG_WARN_SUSPICIOUS_MOVE = YES;
				CLANG_WARN_UNGUARDED_AVAILABILITY = YES_AGGRESSIVE;
				CLANG_WARN_UNREACHABLE_CODE = YES;
				CLANG_WARN__DUPLICATE_METHOD_MATCH = YES;
				COPY_PHASE_STRIP = NO;
				DEBUG_INFORMATION_FORMAT = dwarf;
				DEVELOPMENT_TEAM = 73RC6SBX5Y;
				ENABLE_STRICT_OBJC_MSGSEND = YES;
				ENABLE_TESTABILITY = YES;
				ENABLE_USER_SCRIPT_SANDBOXING = YES;
				GCC_C_LANGUAGE_STANDARD = gnu17;
				GCC_DYNAMIC_NO_PIC = NO;
				GCC_NO_COMMON_BLOCKS = YES;
				GCC_OPTIMIZATION_LEVEL = 0;
				GCC_PREPROCESSOR_DEFINITIONS = (
					"DEBUG=1",
					"$(inherited)",
				);
				GCC_WARN_64_TO_32_BIT_CONVERSION = YES;
				GCC_WARN_ABOUT_RETURN_TYPE = YES_ERROR;
				GCC_WARN_UNDECLARED_SELECTOR = YES;
				GCC_WARN_UNINITIALIZED_AUTOS = YES_AGGRESSIVE;
				GCC_WARN_UNUSED_FUNCTION = YES;
				GCC_WARN_UNUSED_VARIABLE = YES;
				IPHONEOS_DEPLOYMENT_TARGET = 27.0;
				LOCALIZATION_PREFERS_STRING_CATALOGS = YES;
				MTL_ENABLE_DEBUG_INFO = INCLUDE_SOURCE;
				MTL_FAST_MATH = YES;
				ONLY_ACTIVE_ARCH = YES;
				SDKROOT = iphoneos;
				SWIFT_ACTIVE_COMPILATION_CONDITIONS = "DEBUG $(inherited)";
				SWIFT_OPTIMIZATION_LEVEL = "-Onone";
			};
			name = Debug;
		};
		52805D45306E389000403CD3 /* Release configuration for PBXProject "KindDose" */ = {
			isa = XCBuildConfiguration;
			buildSettings = {
				ALWAYS_SEARCH_USER_PATHS = NO;
				ASSETCATALOG_COMPILER_GENERATE_SWIFT_ASSET_SYMBOL_EXTENSIONS = YES;
				CLANG_ANALYZER_NONNULL = YES;
				CLANG_ANALYZER_NUMBER_OBJECT_CONVERSION = YES_AGGRESSIVE;
				CLANG_CXX_LANGUAGE_STANDARD = "gnu++20";
				CLANG_ENABLE_MODULES = YES;
				CLANG_ENABLE_OBJC_ARC = YES;
				CLANG_ENABLE_OBJC_WEAK = YES;
				CLANG_WARN_BLOCK_CAPTURE_AUTORELEASING = YES;
				CLANG_WARN_BOOL_CONVERSION = YES;
				CLANG_WARN_COMMA = YES;
				CLANG_WARN_CONSTANT_CONVERSION = YES;
				CLANG_WARN_DEPRECATED_OBJC_IMPLEMENTATIONS = YES;
				CLANG_WARN_DIRECT_OBJC_ISA_USAGE = YES_ERROR;
				CLANG_WARN_DOCUMENTATION_COMMENTS = YES;
				CLANG_WARN_EMPTY_BODY = YES;
				CLANG_WARN_ENUM_CONVERSION = YES;
				CLANG_WARN_INFINITE_RECURSION = YES;
				CLANG_WARN_INT_CONVERSION = YES;
				CLANG_WARN_NON_LITERAL_NULL_CONVERSION = YES;
				CLANG_WARN_OBJC_IMPLICIT_RETAIN_SELF = YES;
				CLANG_WARN_OBJC_LITERAL_CONVERSION = YES;
				CLANG_WARN_OBJC_ROOT_CLASS = YES_ERROR;
				CLANG_WARN_QUOTED_INCLUDE_IN_FRAMEWORK_HEADER = YES;
				CLANG_WARN_RANGE_LOOP_ANALYSIS = YES;
				CLANG_WARN_STRICT_PROTOTYPES = YES;
				CLANG_WARN_SUSPICIOUS_MOVE = YES;
				CLANG_WARN_UNGUARDED_AVAILABILITY = YES_AGGRESSIVE;
				CLANG_WARN_UNREACHABLE_CODE = YES;
				CLANG_WARN__DUPLICATE_METHOD_MATCH = YES;
				COPY_PHASE_STRIP = NO;
				DEBUG_INFORMATION_FORMAT = "dwarf-with-dsym";
				DEVELOPMENT_TEAM = 73RC6SBX5Y;
				ENABLE_NS_ASSERTIONS = NO;
				ENABLE_STRICT_OBJC_MSGSEND = YES;
				ENABLE_USER_SCRIPT_SANDBOXING = YES;
				GCC_C_LANGUAGE_STANDARD = gnu17;
				GCC_NO_COMMON_BLOCKS = YES;
				GCC_WARN_64_TO_32_BIT_CONVERSION = YES;
				GCC_WARN_ABOUT_RETURN_TYPE = YES_ERROR;
				GCC_WARN_UNDECLARED_SELECTOR = YES;
				GCC_WARN_UNINITIALIZED_AUTOS = YES_AGGRESSIVE;
				GCC_WARN_UNUSED_FUNCTION = YES;
				GCC_WARN_UNUSED_VARIABLE = YES;
				IPHONEOS_DEPLOYMENT_TARGET = 27.0;
				LOCALIZATION_PREFERS_STRING_CATALOGS = YES;
				MTL_ENABLE_DEBUG_INFO = NO;
				MTL_FAST_MATH = YES;
				SDKROOT = iphoneos;
				SWIFT_COMPILATION_MODE = wholemodule;
				VALIDATE_PRODUCT = YES;
			};
			name = Release;
		};
		52805D47306E389000403CD3 /* Debug configuration for PBXNativeTarget "KindDose" */ = {
			isa = XCBuildConfiguration;
			buildSettings = {
				ASSETCATALOG_COMPILER_APPICON_NAME = AppIcon;
				ASSETCATALOG_COMPILER_GLOBAL_ACCENT_COLOR_NAME = AccentColor;
				CODE_SIGN_STYLE = Automatic;
				CURRENT_PROJECT_VERSION = 1;
				DEVELOPMENT_TEAM = 73RC6SBX5Y;
				ENABLE_PREVIEWS = YES;
				GENERATE_INFOPLIST_FILE = YES;
				INFOPLIST_KEY_UIApplicationSceneManifest_Generation = YES;
				INFOPLIST_KEY_UIApplicationSupportsIndirectInputEvents = YES;
				INFOPLIST_KEY_UILaunchScreen_Generation = YES;
				INFOPLIST_KEY_UISupportedInterfaceOrientations_iPad = "UIInterfaceOrientationPortrait UIInterfaceOrientationPortraitUpsideDown UIInterfaceOrientationLandscapeLeft UIInterfaceOrientationLandscapeRight";
				INFOPLIST_KEY_UISupportedInterfaceOrientations_iPhone = "UIInterfaceOrientationPortrait UIInterfaceOrientationLandscapeLeft UIInterfaceOrientationLandscapeRight";
				LD_RUNPATH_SEARCH_PATHS = (
					"$(inherited)",
					"@executable_path/Frameworks",
				);
				MARKETING_VERSION = 1.0;
				PRODUCT_BUNDLE_IDENTIFIER = com.KindDose;
				PRODUCT_NAME = "$(TARGET_NAME)";
				STRING_CATALOG_GENERATE_SYMBOLS = YES;
				SWIFT_APPROACHABLE_CONCURRENCY = YES;
				SWIFT_DEFAULT_ACTOR_ISOLATION = MainActor;
				SWIFT_EMIT_LOC_STRINGS = YES;
				SWIFT_UPCOMING_FEATURE_MEMBER_IMPORT_VISIBILITY = YES;
				SWIFT_VERSION = 5.0;
				TARGETED_DEVICE_FAMILY = "1,2";
			};
			name = Debug;
		};
		52805D48306E389000403CD3 /* Release configuration for PBXNativeTarget "KindDose" */ = {
			isa = XCBuildConfiguration;
			buildSettings = {
				ASSETCATALOG_COMPILER_APPICON_NAME = AppIcon;
				ASSETCATALOG_COMPILER_GLOBAL_ACCENT_COLOR_NAME = AccentColor;
				CODE_SIGN_STYLE = Automatic;
				CURRENT_PROJECT_VERSION = 1;
				DEVELOPMENT_TEAM = 73RC6SBX5Y;
				ENABLE_PREVIEWS = YES;
				GENERATE_INFOPLIST_FILE = YES;
				INFOPLIST_KEY_UIApplicationSceneManifest_Generation = YES;
				INFOPLIST_KEY_UIApplicationSupportsIndirectInputEvents = YES;
				INFOPLIST_KEY_UILaunchScreen_Generation = YES;
				INFOPLIST_KEY_UISupportedInterfaceOrientations_iPad = "UIInterfaceOrientationPortrait UIInterfaceOrientationPortraitUpsideDown UIInterfaceOrientationLandscapeLeft UIInterfaceOrientationLandscapeRight";
				INFOPLIST_KEY_UISupportedInterfaceOrientations_iPhone = "UIInterfaceOrientationPortrait UIInterfaceOrientationLandscapeLeft UIInterfaceOrientationLandscapeRight";
				LD_RUNPATH_SEARCH_PATHS = (
					"$(inherited)",
					"@executable_path/Frameworks",
				);
				MARKETING_VERSION = 1.0;
				PRODUCT_BUNDLE_IDENTIFIER = com.KindDose;
				PRODUCT_NAME = "$(TARGET_NAME)";
				STRING_CATALOG_GENERATE_SYMBOLS = YES;
				SWIFT_APPROACHABLE_CONCURRENCY = YES;
				SWIFT_DEFAULT_ACTOR_ISOLATION = MainActor;
				SWIFT_EMIT_LOC_STRINGS = YES;
				SWIFT_UPCOMING_FEATURE_MEMBER_IMPORT_VISIBILITY = YES;
				SWIFT_VERSION = 5.0;
				TARGETED_DEVICE_FAMILY = "1,2";
			};
			name = Release;
		};
		52805D4A306E389000403CD3 /* Debug configuration for PBXNativeTarget "KindDoseTests" */ = {
			isa = XCBuildConfiguration;
			buildSettings = {
				BUNDLE_LOADER = "$(TEST_HOST)";
				CODE_SIGN_STYLE = Automatic;
				CURRENT_PROJECT_VERSION = 1;
				DEVELOPMENT_TEAM = 73RC6SBX5Y;
				GENERATE_INFOPLIST_FILE = YES;
				IPHONEOS_DEPLOYMENT_TARGET = 27.0;
				MARKETING_VERSION = 1.0;
				PRODUCT_BUNDLE_IDENTIFIER = com.KindDoseTests;
				PRODUCT_NAME = "$(TARGET_NAME)";
				STRING_CATALOG_GENERATE_SYMBOLS = NO;
				SWIFT_APPROACHABLE_CONCURRENCY = YES;
				SWIFT_EMIT_LOC_STRINGS = NO;
				SWIFT_UPCOMING_FEATURE_MEMBER_IMPORT_VISIBILITY = YES;
				SWIFT_VERSION = 5.0;
				TARGETED_DEVICE_FAMILY = "1,2";
				TEST_HOST = "$(BUILT_PRODUCTS_DIR)/KindDose.app/$(BUNDLE_EXECUTABLE_FOLDER_PATH)/KindDose";
			};
			name = Debug;
		};
		52805D4B306E389000403CD3 /* Release configuration for PBXNativeTarget "KindDoseTests" */ = {
			isa = XCBuildConfiguration;
			buildSettings = {
				BUNDLE_LOADER = "$(TEST_HOST)";
				CODE_SIGN_STYLE = Automatic;
				CURRENT_PROJECT_VERSION = 1;
				DEVELOPMENT_TEAM = 73RC6SBX5Y;
				GENERATE_INFOPLIST_FILE = YES;
				IPHONEOS_DEPLOYMENT_TARGET = 27.0;
				MARKETING_VERSION = 1.0;
				PRODUCT_BUNDLE_IDENTIFIER = com.KindDoseTests;
				PRODUCT_NAME = "$(TARGET_NAME)";
				STRING_CATALOG_GENERATE_SYMBOLS = NO;
				SWIFT_APPROACHABLE_CONCURRENCY = YES;
				SWIFT_EMIT_LOC_STRINGS = NO;
				SWIFT_UPCOMING_FEATURE_MEMBER_IMPORT_VISIBILITY = YES;
				SWIFT_VERSION = 5.0;
				TARGETED_DEVICE_FAMILY = "1,2";
				TEST_HOST = "$(BUILT_PRODUCTS_DIR)/KindDose.app/$(BUNDLE_EXECUTABLE_FOLDER_PATH)/KindDose";
			};
			name = Release;
		};
		52805D4D306E389000403CD3 /* Debug configuration for PBXNativeTarget "KindDoseUITests" */ = {
			isa = XCBuildConfiguration;
			buildSettings = {
				CODE_SIGN_STYLE = Automatic;
				CURRENT_PROJECT_VERSION = 1;
				DEVELOPMENT_TEAM = 73RC6SBX5Y;
				GENERATE_INFOPLIST_FILE = YES;
				MARKETING_VERSION = 1.0;
				PRODUCT_BUNDLE_IDENTIFIER = com.KindDoseUITests;
				PRODUCT_NAME = "$(TARGET_NAME)";
				STRING_CATALOG_GENERATE_SYMBOLS = NO;
				SWIFT_APPROACHABLE_CONCURRENCY = YES;
				SWIFT_EMIT_LOC_STRINGS = NO;
				SWIFT_UPCOMING_FEATURE_MEMBER_IMPORT_VISIBILITY = YES;
				SWIFT_VERSION = 5.0;
				TARGETED_DEVICE_FAMILY = "1,2";
				TEST_TARGET_NAME = KindDose;
			};
			name = Debug;
		};
		52805D4E306E389000403CD3 /* Release configuration for PBXNativeTarget "KindDoseUITests" */ = {
			isa = XCBuildConfiguration;
			buildSettings = {
				CODE_SIGN_STYLE = Automatic;
				CURRENT_PROJECT_VERSION = 1;
				DEVELOPMENT_TEAM = 73RC6SBX5Y;
				GENERATE_INFOPLIST_FILE = YES;
				MARKETING_VERSION = 1.0;
				PRODUCT_BUNDLE_IDENTIFIER = com.KindDoseUITests;
				PRODUCT_NAME = "$(TARGET_NAME)";
				STRING_CATALOG_GENERATE_SYMBOLS = NO;
				SWIFT_APPROACHABLE_CONCURRENCY = YES;
				SWIFT_EMIT_LOC_STRINGS = NO;
				SWIFT_UPCOMING_FEATURE_MEMBER_IMPORT_VISIBILITY = YES;
				SWIFT_VERSION = 5.0;
				TARGETED_DEVICE_FAMILY = "1,2";
				TEST_TARGET_NAME = KindDose;
			};
			name = Release;
		};
/* End XCBuildConfiguration section */

/* Begin XCConfigurationList section */
		52805D20306E388E00403CD3 /* Build configuration list for PBXProject "KindDose" */ = {
			isa = XCConfigurationList;
			buildConfigurations = (
				52805D44306E389000403CD3 /* Debug configuration for PBXProject "KindDose" */,
				52805D45306E389000403CD3 /* Release configuration for PBXProject "KindDose" */,
			);
			defaultConfigurationName = Release;
		};
		52805D46306E389000403CD3 /* Build configuration list for PBXNativeTarget "KindDose" */ = {
			isa = XCConfigurationList;
			buildConfigurations = (
				52805D47306E389000403CD3 /* Debug configuration for PBXNativeTarget "KindDose" */,
				52805D48306E389000403CD3 /* Release configuration for PBXNativeTarget "KindDose" */,
			);
			defaultConfigurationName = Release;
		};
		52805D49306E389000403CD3 /* Build configuration list for PBXNativeTarget "KindDoseTests" */ = {
			isa = XCConfigurationList;
			buildConfigurations = (
				52805D4A306E389000403CD3 /* Debug configuration for PBXNativeTarget "KindDoseTests" */,
				52805D4B306E389000403CD3 /* Release configuration for PBXNativeTarget "KindDoseTests" */,
			);
			defaultConfigurationName = Release;
		};
		52805D4C306E389000403CD3 /* Build configuration list for PBXNativeTarget "KindDoseUITests" */ = {
			isa = XCConfigurationList;
			buildConfigurations = (
				52805D4D306E389000403CD3 /* Debug configuration for PBXNativeTarget "KindDoseUITests" */,
				52805D4E306E389000403CD3 /* Release configuration for PBXNativeTarget "KindDoseUITests" */,
			);
			defaultConfigurationName = Release;
		};
/* End XCConfigurationList section */
	};
	rootObject = 52805D1D306E388E00403CD3 /* Project object */;
	validationLevel = 1;
}
